
Microsoft Visual Studio Solution File, Format Version 12.00
# Visual Studio Version 17
VisualStudioVersion = 17.5.002.0
MinimumVisualStudioVersion = 10.0.40219.1
Project("{9A19103F-16F7-4668-BE54-9A1E7A4F7556}") = "task_25", "task_25.csproj", "{15FFE902-D78C-40C5-8674-0F7ADD651174}"
EndProject
Global
	GlobalSection(SolutionConfigurationPlatforms) = preSolution
		Debug|Any CPU = Debug|Any CPU
		Release|Any CPU = Release|Any CPU
	EndGlobalSection
	GlobalSection(ProjectConfigurationPlatforms) = postSolution
		{15FFE902-D78C-40C5-8674-0F7ADD651174}.Debug|Any CPU.ActiveCfg = Debug|Any CPU
		{15FFE902-D78C-40C5-8674-0F7ADD651174}.Debug|Any CPU.Build.0 = Debug|Any CPU
		{15FFE902-D78C-40C5-8674-0F7ADD651174}.Release|Any CPU.ActiveCfg = Release|Any CPU
		{15FFE902-D78C-40C5-8674-0F7ADD651174}.Release|Any CPU.Build.0 = Release|Any CPU
	EndGlobalSection
	GlobalSection(SolutionProperties) = preSolution
		HideSolutionNode = FALSE
	EndGlobalSection
	GlobalSection(ExtensibilityGlobals) = postSolution
		SolutionGuid = {F347B0CC-E7AE-49B2-8BC7-8FEB05882E1C}
	EndGlobalSection
EndGlobal
